{
  "nodes": {
    "nixpkgs": {
      "locked": {
        "lastModified": 1789009968,
        "narHash": "sha256-rK92Q3Fc5uAeHrq7+59dyVtq3qVshuPqAY6uXjkqcPM=",
        "owner": "NixOS",
        "repo": "nixpkgs",
        "rev": "d58a46e3bc02d91ebe04667f8397752a749c0024",
        "type": "github"
      },
      "original": {
        "owner": "NixOS",
        "repo": "nixpkgs",
        "rev": "d58a46e3bc02d91ebe04667f8397752a749c0024",
        "type": "github"
      }
    },
    "root": {
      "inputs": {
        "nixpkgs": "nixpkgs",
        "rust-overlay": "rust-overlay"
      }
    },
    "rust-overlay": {
      "inputs": {
        "nixpkgs": [
          "nixpkgs"
        ]
      },
      "locked": {
        "lastModified": 1788851328,
        "narHash": "sha256-YOwlUD0Lt/3SulKhZ7z0Jmgbq/DWh8SjnGwUlFSw+YM=",
        "owner": "oxalica",
        "repo": "rust-overlay",
        "rev": "6ae57a71bcb0bebc7a66cc2bd76942c4cf649167",
        "type": "github"
      },
      "original": {
        "owner": "oxalica",
        "repo": "rust-overlay",
        "rev": "6ae57a71bcb0bebc7a66cc2bd76942c4cf649167",
        "type": "github"
      }
    }
  },
  "root": "root",
  "version": 7
}
