{
  "nodes": {
    "nixpkgs": {
      "locked": {
        "lastModified": 1789885152,
        "narHash": "sha256-mDNo95riUw8k0MA2Btzj/OuiMcfLKofqIliLYsLbrSY=",
        "owner": "NixOS",
        "repo": "nixpkgs",
        "rev": "6d663c0533ff269008fb84e45930151e37c99db9",
        "type": "github"
      },
      "original": {
        "owner": "NixOS",
        "repo": "nixpkgs",
        "rev": "6d663c0533ff269008fb84e45930151e37c99db9",
        "type": "github"
      }
    },
    "root": {
      "inputs": {
        "nixpkgs": "nixpkgs",
        "rust-overlay": "rust-overlay"
      }
    },
    "rust-overlay": {
      "inputs": {
        "nixpkgs": [
          "nixpkgs"
        ]
      },
      "locked": {
        "lastModified": 1789977098,
        "narHash": "sha256-fKY4BedarKx4aR0+UOHk65hhDW8pxFytFkaUi0VYDYk=",
        "owner": "oxalica",
        "repo": "rust-overlay",
        "rev": "2776e42828203ec89511699c8dcdedec69ab98e1",
        "type": "github"
      },
      "original": {
        "owner": "oxalica",
        "repo": "rust-overlay",
        "rev": "2776e42828203ec89511699c8dcdedec69ab98e1",
        "type": "github"
      }
    }
  },
  "root": "root",
  "version": 7
}
