{
  "nodes": {
    "nixpkgs": {
      "locked": {
        "lastModified": 1789009968,
        "narHash": "sha256-rK92Q3Fc5uAeHrq7+59dyVtq3qVshuPqAY6uXjkqcPM=",
        "owner": "NixOS",
        "repo": "nixpkgs",
        "rev": "d58a46e3bc02d91ebe04667f8397752a749c0024",
        "type": "github"
      },
      "original": {
        "owner": "NixOS",
        "repo": "nixpkgs",
        "rev": "d58a46e3bc02d91ebe04667f8397752a749c0024",
        "type": "github"
      }
    },
    "root": {
      "inputs": {
        "nixpkgs": "nixpkgs"
      }
    }
  },
  "root": "root",
  "version": 7
}
