{
  "nodes": {
    "nixpkgs": {
      "locked": {
        "lastModified": 1790750587,
        "narHash": "sha256-VfjaoJ1Uyb7JZTrBgE5Jf2nhjtQPmD9KOd19HJwmZwM=",
        "owner": "NixOS",
        "repo": "nixpkgs",
        "rev": "78e9c786dc08cd4f3420c2395cd977206a9b1da2",
        "type": "github"
      },
      "original": {
        "owner": "NixOS",
        "repo": "nixpkgs",
        "rev": "78e9c786dc08cd4f3420c2395cd977206a9b1da2",
        "type": "github"
      }
    },
    "root": {
      "inputs": {
        "nixpkgs": "nixpkgs",
        "rust-overlay": "rust-overlay"
      }
    },
    "rust-overlay": {
      "inputs": {
        "nixpkgs": [
          "nixpkgs"
        ]
      },
      "locked": {
        "lastModified": 1790843958,
        "narHash": "sha256-jtYAaAXT1gxEtzmeYmOGu0IvKPle5J39BOFbgl6os+A=",
        "owner": "oxalica",
        "repo": "rust-overlay",
        "rev": "b2ccad3b67335d368eef49ec48b9c8166858e73d",
        "type": "github"
      },
      "original": {
        "owner": "oxalica",
        "repo": "rust-overlay",
        "rev": "b2ccad3b67335d368eef49ec48b9c8166858e73d",
        "type": "github"
      }
    }
  },
  "root": "root",
  "version": 7
}
