{
  "nodes": {
    "nixpkgs": {
      "locked": {
        "lastModified": 1791254437,
        "narHash": "sha256-qMSsgG+9tIdx282dMqGuJAUK3t6F36clM6efd0rXfes=",
        "owner": "NixOS",
        "repo": "nixpkgs",
        "rev": "b25309931cfda5f0b8805f462a29897eeae50168",
        "type": "github"
      },
      "original": {
        "owner": "NixOS",
        "repo": "nixpkgs",
        "rev": "b25309931cfda5f0b8805f462a29897eeae50168",
        "type": "github"
      }
    },
    "root": {
      "inputs": {
        "nixpkgs": "nixpkgs",
        "rust-overlay": "rust-overlay"
      }
    },
    "rust-overlay": {
      "inputs": {
        "nixpkgs": [
          "nixpkgs"
        ]
      },
      "locked": {
        "lastModified": 1791448976,
        "narHash": "sha256-HJ4TEF3j7HmLYeEP/PtqjeiBX/6TppXB2qY53HcrWbs=",
        "ref": "master",
        "rev": "f91010a5c1b6125b715eb78a84fb5dd8fb74a2b0",
        "revCount": 2329,
        "type": "git",
        "url": "https://github.com/oxalica/rust-overlay"
      },
      "original": {
        "ref": "master",
        "rev": "f91010a5c1b6125b715eb78a84fb5dd8fb74a2b0",
        "type": "git",
        "url": "https://github.com/oxalica/rust-overlay"
      }
    }
  },
  "root": "root",
  "version": 7
}
