# This file is automatically @generated by Cargo.
# It is not intended for manual editing.
version = 4

[[package]]
name = "libc"
version = "0.2.190"
source = "registry+https://github.com/rust-lang/crates.io-index"
checksum = "ce5d3ddc6d3fa000eb1536d85e147bfe31aacaba692ed6a876f95cb7c855be78"

[[package]]
name = "nanvm-effects-node"
version = "0.1.0"
dependencies = [
 "libc",
]

[[package]]
name = "nanvm-harness"
version = "0.1.0"
dependencies = [
 "nanvm-lib",
]

[[package]]
name = "nanvm-lib"
version = "0.1.0"
