Microsoft Visual Studio Solution File, Format Version 12.00
# Visual Studio Version 17
VisualStudioVersion = 17.5.2.0
MinimumVisualStudioVersion = 10.0.40219.1
Project("{FAE04EC0-301F-11D3-BF4B-00C04F79EFBC}") = "fs", "fs.csproj", "{3224CB86-3B32-C866-6F6F-26EE739480A0}"
EndProject
Global
	GlobalSection(SolutionConfigurationPlatforms) = preSolution
		Debug|Any CPU = Debug|Any CPU
		Release|Any CPU = Release|Any CPU
	EndGlobalSection
	GlobalSection(ProjectConfigurationPlatforms) = postSolution
		{3224CB86-3B32-C866-6F6F-26EE739480A0}.Debug|Any CPU.ActiveCfg = Debug|Any CPU
		{3224CB86-3B32-C866-6F6F-26EE739480A0}.Debug|Any CPU.Build.0 = Debug|Any CPU
		{3224CB86-3B32-C866-6F6F-26EE739480A0}.Release|Any CPU.ActiveCfg = Release|Any CPU
		{3224CB86-3B32-C866-6F6F-26EE739480A0}.Release|Any CPU.Build.0 = Release|Any CPU
	EndGlobalSection
	GlobalSection(SolutionProperties) = preSolution
		HideSolutionNode = FALSE
	EndGlobalSection
	GlobalSection(ExtensibilityGlobals) = postSolution
		SolutionGuid = {D24FF967-924F-4F88-9041-46E4072A9961}
	EndGlobalSection
EndGlobal
