{
  "name": "functionalscript",
  "version": "0.8.0",
  "lockfileVersion": 3,
  "requires": true,
  "packages": {
    "": {
      "name": "functionalscript",
      "version": "0.8.0",
      "license": "MIT",
      "bin": {
        "fsc": "fsc/module.js",
        "fst": "dev/tf/module.js"
      },
      "devDependencies": {
        "@types/node": "*",
        "@typescript/native-preview": "*",
        "typescript": "*"
      },
      "engines": {
        "node": ">=20"
      }
    },
    "node_modules/@types/node": {
      "version": "24.9.1",
      "resolved": "https://registry.npmjs.org/@types/node/-/node-24.9.1.tgz",
      "integrity": "sha512-QoiaXANRkSXK6p0Duvt56W208du4P9Uye9hWLWgGMDTEoKPhuenzNcC4vGUmrNkiOKTlIrBoyNQYNpSwfEZXSg==",
      "dev": true,
      "license": "MIT",
      "dependencies": {
        "undici-types": "~7.16.0"
      }
    },
    "node_modules/@typescript/native-preview": {
      "version": "7.0.0-dev.20251026.1",
      "resolved": "https://registry.npmjs.org/@typescript/native-preview/-/native-preview-7.0.0-dev.20251026.1.tgz",
      "integrity": "sha512-WiFWydnIBb73bdK5xuCCXcRcbnyYgmfQ9gQqhF8tq9SMF9XI9cFdosIL0Iet1YgkvOzbnNR3jDvjdWU/35bXQw==",
      "dev": true,
      "license": "Apache-2.0",
      "bin": {
        "tsgo": "bin/tsgo.js"
      },
      "optionalDependencies": {
        "@typescript/native-preview-darwin-arm64": "7.0.0-dev.20251026.1",
        "@typescript/native-preview-darwin-x64": "7.0.0-dev.20251026.1",
        "@typescript/native-preview-linux-arm": "7.0.0-dev.20251026.1",
        "@typescript/native-preview-linux-arm64": "7.0.0-dev.20251026.1",
        "@typescript/native-preview-linux-x64": "7.0.0-dev.20251026.1",
        "@typescript/native-preview-win32-arm64": "7.0.0-dev.20251026.1",
        "@typescript/native-preview-win32-x64": "7.0.0-dev.20251026.1"
      }
    },
    "node_modules/@typescript/native-preview-darwin-arm64": {
      "version": "7.0.0-dev.20251026.1",
      "resolved": "https://registry.npmjs.org/@typescript/native-preview-darwin-arm64/-/native-preview-darwin-arm64-7.0.0-dev.20251026.1.tgz",
      "integrity": "sha512-mRnlTs2KxVBqWH/ZCaVF9VCQN4pLXfHVXr43azWhnoMuFtwJ1KFpLi5oVkyyltKaHi5NkkrGiXPEE4TPyONhJw==",
      "cpu": [
        "arm64"
      ],
      "dev": true,
      "license": "Apache-2.0",
      "optional": true,
      "os": [
        "darwin"
      ]
    },
    "node_modules/@typescript/native-preview-darwin-x64": {
      "version": "7.0.0-dev.20251026.1",
      "resolved": "https://registry.npmjs.org/@typescript/native-preview-darwin-x64/-/native-preview-darwin-x64-7.0.0-dev.20251026.1.tgz",
      "integrity": "sha512-25rjU45Dg88BFTpU7bjXI9B93mxPniFfKo37OD4QRxlIdcwK+PfW9vk9hs9HEz0gklE5jXPMoiLgpgfD/ycH5Q==",
      "cpu": [
        "x64"
      ],
      "dev": true,
      "license": "Apache-2.0",
      "optional": true,
      "os": [
        "darwin"
      ]
    },
    "node_modules/@typescript/native-preview-linux-arm": {
      "version": "7.0.0-dev.20251026.1",
      "resolved": "https://registry.npmjs.org/@typescript/native-preview-linux-arm/-/native-preview-linux-arm-7.0.0-dev.20251026.1.tgz",
      "integrity": "sha512-HCxBLDhe6NQHnfiGoRItF+6QDgqK0J6NkdWV5L0chzs/6H9wbiSVnbRxdehXobJ7qq8MtppEtCHYG2z6F56Qmg==",
      "cpu": [
        "arm"
      ],
      "dev": true,
      "license": "Apache-2.0",
      "optional": true,
      "os": [
        "linux"
      ]
    },
    "node_modules/@typescript/native-preview-linux-arm64": {
      "version": "7.0.0-dev.20251026.1",
      "resolved": "https://registry.npmjs.org/@typescript/native-preview-linux-arm64/-/native-preview-linux-arm64-7.0.0-dev.20251026.1.tgz",
      "integrity": "sha512-PY+1xQ/t4WZv9WKp6DV3wXxkGeCMq3OIInaLSsX4ekgZfgLC/89JatslwaEggTqrIJHZiihDzK0iR1XnwUxopA==",
      "cpu": [
        "arm64"
      ],
      "dev": true,
      "license": "Apache-2.0",
      "optional": true,
      "os": [
        "linux"
      ]
    },
    "node_modules/@typescript/native-preview-linux-x64": {
      "version": "7.0.0-dev.20251026.1",
      "resolved": "https://registry.npmjs.org/@typescript/native-preview-linux-x64/-/native-preview-linux-x64-7.0.0-dev.20251026.1.tgz",
      "integrity": "sha512-XVNNNgVGQW6zu2auMAxatw0V9jNiC+TLMuKKSOMkju56ZdxQxh9CxnxC5pWa9sFNz74Vw9jaYIu9Hq+ROQi1eA==",
      "cpu": [
        "x64"
      ],
      "dev": true,
      "license": "Apache-2.0",
      "optional": true,
      "os": [
        "linux"
      ]
    },
    "node_modules/@typescript/native-preview-win32-arm64": {
      "version": "7.0.0-dev.20251026.1",
      "resolved": "https://registry.npmjs.org/@typescript/native-preview-win32-arm64/-/native-preview-win32-arm64-7.0.0-dev.20251026.1.tgz",
      "integrity": "sha512-47C2fxxYAsD5Ps1zWbRL7GQ/rg3siFNmLmWmA2nNb2GgJNcRf90nn+Gk8mBssAol3cLNVfyQwWIQNXNR9lNWvQ==",
      "cpu": [
        "arm64"
      ],
      "dev": true,
      "license": "Apache-2.0",
      "optional": true,
      "os": [
        "win32"
      ]
    },
    "node_modules/@typescript/native-preview-win32-x64": {
      "version": "7.0.0-dev.20251026.1",
      "resolved": "https://registry.npmjs.org/@typescript/native-preview-win32-x64/-/native-preview-win32-x64-7.0.0-dev.20251026.1.tgz",
      "integrity": "sha512-DInvE9N7KvMvCaw4ZOftvWKkwdHehVXYxc8wLBYLMNSycLOrSmB/0q1DR5Fr8aZhnWv5qzevDb0xSczmSdovCg==",
      "cpu": [
        "x64"
      ],
      "dev": true,
      "license": "Apache-2.0",
      "optional": true,
      "os": [
        "win32"
      ]
    },
    "node_modules/typescript": {
      "version": "5.9.3",
      "resolved": "https://registry.npmjs.org/typescript/-/typescript-5.9.3.tgz",
      "integrity": "sha512-jl1vZzPDinLr9eUt3J/t7V6FgNEw9QjvBPdysz9KfQDD41fQrC2Y4vKQdiaUpFT4bXlb1RHhLpp8wtm6M5TgSw==",
      "dev": true,
      "license": "Apache-2.0",
      "bin": {
        "tsc": "bin/tsc",
        "tsserver": "bin/tsserver"
      },
      "engines": {
        "node": ">=14.17"
      }
    },
    "node_modules/undici-types": {
      "version": "7.16.0",
      "resolved": "https://registry.npmjs.org/undici-types/-/undici-types-7.16.0.tgz",
      "integrity": "sha512-Zz+aZWSj8LE6zoxD+xrjh4VfkIG8Ya6LvYkZqtUQGJPZjYl53ypCaUwWqo7eI0x66KBGeRo+mlBEkMSeSZ38Nw==",
      "dev": true,
      "license": "MIT"
    }
  }
}
