{
  "name": "functionalscript",
  "version": "0.7.0",
  "lockfileVersion": 3,
  "requires": true,
  "packages": {
    "": {
      "name": "functionalscript",
      "version": "0.7.0",
      "license": "AGPL-3.0-only",
      "bin": {
        "fsc": "fsc/module.js",
        "fst": "dev/tf/module.js"
      },
      "devDependencies": {
        "@types/node": "^24.2.0",
        "@typescript/native-preview": "^7.0.0-dev.20250802.1",
        "typescript": "^5.9.2"
      },
      "engines": {
        "node": ">=20"
      }
    },
    "node_modules/@types/node": {
      "version": "24.2.0",
      "resolved": "https://registry.npmjs.org/@types/node/-/node-24.2.0.tgz",
      "integrity": "sha512-3xyG3pMCq3oYCNg7/ZP+E1ooTaGB4cG8JWRsqqOYQdbWNY4zbaV0Ennrd7stjiJEFZCaybcIgpTjJWHRfBSIDw==",
      "dev": true,
      "license": "MIT",
      "dependencies": {
        "undici-types": "~7.10.0"
      }
    },
    "node_modules/@typescript/native-preview": {
      "version": "7.0.0-dev.20250802.1",
      "resolved": "https://registry.npmjs.org/@typescript/native-preview/-/native-preview-7.0.0-dev.20250802.1.tgz",
      "integrity": "sha512-CuxxalPlgXIiAN2b884D/3UX6M1FvAi+MgruRVp4kuKOfpmBjJr6PRhN12iekFQwRG2fPil8svIm4mPnSM71lw==",
      "dev": true,
      "license": "Apache-2.0",
      "bin": {
        "tsgo": "bin/tsgo.js"
      },
      "engines": {
        "node": ">=20.6.0"
      },
      "optionalDependencies": {
        "@typescript/native-preview-darwin-arm64": "7.0.0-dev.20250802.1",
        "@typescript/native-preview-darwin-x64": "7.0.0-dev.20250802.1",
        "@typescript/native-preview-linux-arm": "7.0.0-dev.20250802.1",
        "@typescript/native-preview-linux-arm64": "7.0.0-dev.20250802.1",
        "@typescript/native-preview-linux-x64": "7.0.0-dev.20250802.1",
        "@typescript/native-preview-win32-arm64": "7.0.0-dev.20250802.1",
        "@typescript/native-preview-win32-x64": "7.0.0-dev.20250802.1"
      }
    },
    "node_modules/@typescript/native-preview-darwin-arm64": {
      "version": "7.0.0-dev.20250802.1",
      "resolved": "https://registry.npmjs.org/@typescript/native-preview-darwin-arm64/-/native-preview-darwin-arm64-7.0.0-dev.20250802.1.tgz",
      "integrity": "sha512-b8qDaguy/41W2PsA4TmGZ8wlaAg/SzG3jGJTPxv5o3tsyLQ7J/KqHljTox7RPC4tOnTzlsHYJXIuOUM+ZEIGcw==",
      "cpu": [
        "arm64"
      ],
      "dev": true,
      "license": "Apache-2.0",
      "optional": true,
      "os": [
        "darwin"
      ],
      "engines": {
        "node": ">=20.6.0"
      }
    },
    "node_modules/@typescript/native-preview-darwin-x64": {
      "version": "7.0.0-dev.20250802.1",
      "resolved": "https://registry.npmjs.org/@typescript/native-preview-darwin-x64/-/native-preview-darwin-x64-7.0.0-dev.20250802.1.tgz",
      "integrity": "sha512-WnHvj1RcW5PeQ7vPcUhGV4F1iyl749EjiWc1FIji1nFK46AJ0NXEO6I+AeqkNTyhpnenDj1YRlqW0JyziiBZSg==",
      "cpu": [
        "x64"
      ],
      "dev": true,
      "license": "Apache-2.0",
      "optional": true,
      "os": [
        "darwin"
      ],
      "engines": {
        "node": ">=20.6.0"
      }
    },
    "node_modules/@typescript/native-preview-linux-arm": {
      "version": "7.0.0-dev.20250802.1",
      "resolved": "https://registry.npmjs.org/@typescript/native-preview-linux-arm/-/native-preview-linux-arm-7.0.0-dev.20250802.1.tgz",
      "integrity": "sha512-oEtMLt/iqADX7Dy4eVPQXzEA3kGVw47MEosHPg9CTnb9bZrEabwL8yC9knux12pqIH6zhdZAYkQIWxL6jUMOTA==",
      "cpu": [
        "arm"
      ],
      "dev": true,
      "license": "Apache-2.0",
      "optional": true,
      "os": [
        "linux"
      ],
      "engines": {
        "node": ">=20.6.0"
      }
    },
    "node_modules/@typescript/native-preview-linux-arm64": {
      "version": "7.0.0-dev.20250802.1",
      "resolved": "https://registry.npmjs.org/@typescript/native-preview-linux-arm64/-/native-preview-linux-arm64-7.0.0-dev.20250802.1.tgz",
      "integrity": "sha512-UpDnhJTsbdOihfBCbnWfF6terDfgNtW/+rwFK1VbLY6JzOQdxWHiTwP+vYA1XBmNmQTidYGNF5ahfCYwx2kftw==",
      "cpu": [
        "arm64"
      ],
      "dev": true,
      "license": "Apache-2.0",
      "optional": true,
      "os": [
        "linux"
      ],
      "engines": {
        "node": ">=20.6.0"
      }
    },
    "node_modules/@typescript/native-preview-linux-x64": {
      "version": "7.0.0-dev.20250802.1",
      "resolved": "https://registry.npmjs.org/@typescript/native-preview-linux-x64/-/native-preview-linux-x64-7.0.0-dev.20250802.1.tgz",
      "integrity": "sha512-z+QPLdLcjkFPQ+HbBunq6U50Rd6Ywmu5ICAY4NaKgu5l1u/AyyMMhVaSINWjlZacB8CHGRl7ONb1z/vtH/iVyA==",
      "cpu": [
        "x64"
      ],
      "dev": true,
      "license": "Apache-2.0",
      "optional": true,
      "os": [
        "linux"
      ],
      "engines": {
        "node": ">=20.6.0"
      }
    },
    "node_modules/@typescript/native-preview-win32-arm64": {
      "version": "7.0.0-dev.20250802.1",
      "resolved": "https://registry.npmjs.org/@typescript/native-preview-win32-arm64/-/native-preview-win32-arm64-7.0.0-dev.20250802.1.tgz",
      "integrity": "sha512-diHuHgkeqKvQeP9VHMMBv7KJ0RvnPQ+ROenosRiw+sC5wButa5gR+vl1CLOtuhZXawnuRu20cxx9OFOgoODTLA==",
      "cpu": [
        "arm64"
      ],
      "dev": true,
      "license": "Apache-2.0",
      "optional": true,
      "os": [
        "win32"
      ],
      "engines": {
        "node": ">=20.6.0"
      }
    },
    "node_modules/@typescript/native-preview-win32-x64": {
      "version": "7.0.0-dev.20250802.1",
      "resolved": "https://registry.npmjs.org/@typescript/native-preview-win32-x64/-/native-preview-win32-x64-7.0.0-dev.20250802.1.tgz",
      "integrity": "sha512-tGTxLuIrEZG8+Pze1QWDoB6AcnoiQ6S1txaeGub0SD8nOCgAiNmqAmaJekeEYlmHm8cj8j0u2G/l+geC9StYDA==",
      "cpu": [
        "x64"
      ],
      "dev": true,
      "license": "Apache-2.0",
      "optional": true,
      "os": [
        "win32"
      ],
      "engines": {
        "node": ">=20.6.0"
      }
    },
    "node_modules/typescript": {
      "version": "5.9.2",
      "resolved": "https://registry.npmjs.org/typescript/-/typescript-5.9.2.tgz",
      "integrity": "sha512-CWBzXQrc/qOkhidw1OzBTQuYRbfyxDXJMVJ1XNwUHGROVmuaeiEm3OslpZ1RV96d7SKKjZKrSJu3+t/xlw3R9A==",
      "dev": true,
      "license": "Apache-2.0",
      "bin": {
        "tsc": "bin/tsc",
        "tsserver": "bin/tsserver"
      },
      "engines": {
        "node": ">=14.17"
      }
    },
    "node_modules/undici-types": {
      "version": "7.10.0",
      "resolved": "https://registry.npmjs.org/undici-types/-/undici-types-7.10.0.tgz",
      "integrity": "sha512-t5Fy/nfn+14LuOc2KNYg75vZqClpAiqscVvMygNnlsHBFpSXdJaYtXMcdNLpl/Qvc3P2cB3s6lOV51nqsFq4ag==",
      "dev": true,
      "license": "MIT"
    }
  }
}
