{
  "nodes": {
    "nixpkgs": {
      "locked": {
        "lastModified": 1789885152,
        "narHash": "sha256-mDNo95riUw8k0MA2Btzj/OuiMcfLKofqIliLYsLbrSY=",
        "owner": "NixOS",
        "repo": "nixpkgs",
        "rev": "6d663c0533ff269008fb84e45930151e37c99db9",
        "type": "github"
      },
      "original": {
        "owner": "NixOS",
        "repo": "nixpkgs",
        "rev": "6d663c0533ff269008fb84e45930151e37c99db9",
        "type": "github"
      }
    },
    "root": {
      "inputs": {
        "nixpkgs": "nixpkgs"
      }
    }
  },
  "root": "root",
  "version": 7
}
