{
  "nodes": {
    "nixpkgs": {
      "locked": {
        "lastModified": 1791353474,
        "narHash": "sha256-v72qr4LsSz61tQki/41nHKZKPY6NSeZavtGlAInOCng=",
        "owner": "NixOS",
        "repo": "nixpkgs",
        "rev": "2efa67fd26b6df417c33e4603185c701f260dd83",
        "type": "github"
      },
      "original": {
        "owner": "NixOS",
        "repo": "nixpkgs",
        "rev": "2efa67fd26b6df417c33e4603185c701f260dd83",
        "type": "github"
      }
    },
    "root": {
      "inputs": {
        "nixpkgs": "nixpkgs"
      }
    }
  },
  "root": "root",
  "version": 7
}
